
Microsoft Visual Studio Solution File, Format Version 12.00
# Visual Studio Version 16
VisualStudioVersion = 16.0.30517.126
MinimumVisualStudioVersion = 10.0.40219.1
Project("{FAE04EC0-301F-11D3-BF4B-00C04F79EFBC}") = "PDFTest", "PDFTest\PDFTest.csproj", "{0B9EA4B9-3EE0-4A19-B240-EF7C1BA3275C}"
EndProject
Global
	GlobalSection(SolutionConfigurationPlatforms) = preSolution
		Debug|Any CPU = Debug|Any CPU
		Debug|x86 = Debug|x86
		Release|Any CPU = Release|Any CPU
		Release|x86 = Release|x86
	EndGlobalSection
	GlobalSection(ProjectConfigurationPlatforms) = postSolution
		{0B9EA4B9-3EE0-4A19-B240-EF7C1BA3275C}.Debug|Any CPU.ActiveCfg = Debug|Any CPU
		{0B9EA4B9-3EE0-4A19-B240-EF7C1BA3275C}.Debug|Any CPU.Build.0 = Debug|Any CPU
		{0B9EA4B9-3EE0-4A19-B240-EF7C1BA3275C}.Debug|x86.ActiveCfg = Debug|x86
		{0B9EA4B9-3EE0-4A19-B240-EF7C1BA3275C}.Debug|x86.Build.0 = Debug|x86
		{0B9EA4B9-3EE0-4A19-B240-EF7C1BA3275C}.Release|Any CPU.ActiveCfg = Release|Any CPU
		{0B9EA4B9-3EE0-4A19-B240-EF7C1BA3275C}.Release|Any CPU.Build.0 = Release|Any CPU
		{0B9EA4B9-3EE0-4A19-B240-EF7C1BA3275C}.Release|x86.ActiveCfg = Release|x86
		{0B9EA4B9-3EE0-4A19-B240-EF7C1BA3275C}.Release|x86.Build.0 = Release|x86
	EndGlobalSection
	GlobalSection(SolutionProperties) = preSolution
		HideSolutionNode = FALSE
	EndGlobalSection
	GlobalSection(ExtensibilityGlobals) = postSolution
		SolutionGuid = {B7AE54D0-05BB-4C2D-A8E4-88E6EDB294AA}
	EndGlobalSection
EndGlobal
